<?xml version="1.0" encoding="utf-8"?>
<Project ToolsVersion="4.0" xmlns="http://schemas.microsoft.com/developer/msbuild/2003">
  <ItemGroup>
    <Filter Include="Source Files">
      <UniqueIdentifier>{4FC737F1-C7A5-4376-A066-2A32D752A2FF}</UniqueIdentifier>
      <Extensions>cpp;c;cc;cxx;def;odl;idl;hpj;bat;asm;asmx</Extensions>
    </Filter>
    <Filter Include="Header Files">
      <UniqueIdentifier>{93995380-89BD-4b04-88EB-625FBE52EBFB}</UniqueIdentifier>
      <Extensions>h;hh;hpp;hxx;hm;inl;inc;xsd</Extensions>
    </Filter>
    <Filter Include="Resource Files">
      <UniqueIdentifier>{67DA6AB6-F800-4c08-8B7A-83BB121AAD01}</UniqueIdentifier>
      <Extensions>rc;ico;cur;bmp;dlg;rc2;rct;bin;rgs;gif;jpg;jpeg;jpe;resx;tiff;tif;png;wav;mfcribbon-ms</Extensions>
    </Filter>
    <Filter Include="Source Files\Dependencies">
      <UniqueIdentifier>{bba1b8cc-01d3-49a4-b392-0fc40def650d}</UniqueIdentifier>
    </Filter>
    <Filter Include="Source Files\Shaders">
      <UniqueIdentifier>{6e6729b9-4f04-45b9-bc7f-e3e75132fb77}</UniqueIdentifier>
    </Filter>
  </ItemGroup>
  <ItemGroup>
    <ClCompile Include="main.cpp">
      <Filter>Source Files</Filter>
    </ClCompile>
    <ClCompile Include="stdafx.cpp">
      <Filter>Source Files</Filter>
    </ClCompile>
    <ClCompile Include="buffer.cpp">
      <Filter>Source Files</Filter>
    </ClCompile>
    <ClCompile Include="pipeline.cpp">
      <Filter>Source Files</Filter>
    </ClCompile>
    <ClCompile Include="frame.cpp">
      <Filter>Source Files</Filter>
    </ClCompile>
    <ClCompile Include="dimensions.cpp">
      <Filter>Source Files</Filter>
    </ClCompile>
    <ClCompile Include="model.cpp">
      <Filter>Source Files</Filter>
    </ClCompile>
    <ClCompile Include="input_state.cpp">
      <Filter>Source Files</Filter>
    </ClCompile>
    <ClCompile Include="ui_renderer.cpp">
      <Filter>Source Files</Filter>
    </ClCompile>
    <ClCompile Include="..\Dependencies\tinyply\source\tinyply.cpp">
      <Filter>Source Files\Dependencies</Filter>
    </ClCompile>
    <ClCompile Include="model_renderer.cpp">
      <Filter>Source Files</Filter>
    </ClCompile>
    <ClCompile Include="helpers.cpp">
      <Filter>Source Files</Filter>
    </ClCompile>
    <ClCompile Include="render_to_window.cpp">
      <Filter>Source Files</Filter>
    </ClCompile>
    <ClCompile Include="image_with_view.cpp">
      <Filter>Source Files</Filter>
    </ClCompile>
    <ClCompile Include="acceleration_structure.cpp">
      <Filter>Source Files</Filter>
    </ClCompile>
    <ClCompile Include="ray_tracing_model.cpp">
      <Filter>Source Files</Filter>
    </ClCompile>
    <ClCompile Include="ray_tracing_renderer.cpp">
      <Filter>Source Files</Filter>
    </ClCompile>
  </ItemGroup>
  <ItemGroup>
    <ClInclude Include="stdafx.h">
      <Filter>Header Files</Filter>
    </ClInclude>
    <ClInclude Include="buffer.h">
      <Filter>Header Files</Filter>
    </ClInclude>
    <ClInclude Include="pipeline.h">
      <Filter>Header Files</Filter>
    </ClInclude>
    <ClInclude Include="frame.h">
      <Filter>Header Files</Filter>
    </ClInclude>
    <ClInclude Include="dimensions.h">
      <Filter>Header Files</Filter>
    </ClInclude>
    <ClInclude Include="model.h">
      <Filter>Header Files</Filter>
    </ClInclude>
    <ClInclude Include="data_types.h">
      <Filter>Header Files</Filter>
    </ClInclude>
    <ClInclude Include="input_state.h">
      <Filter>Header Files</Filter>
    </ClInclude>
    <ClInclude Include="ui_renderer.h">
      <Filter>Header Files</Filter>
    </ClInclude>
    <ClInclude Include="model_renderer.h">
      <Filter>Header Files</Filter>
    </ClInclude>
    <ClInclude Include="renderer.h">
      <Filter>Header Files</Filter>
    </ClInclude>
    <ClInclude Include="helpers.h">
      <Filter>Header Files</Filter>
    </ClInclude>
    <ClInclude Include="render_to_window.h">
      <Filter>Header Files</Filter>
    </ClInclude>
    <ClInclude Include="image_with_view.h">
      <Filter>Header Files</Filter>
    </ClInclude>
    <ClInclude Include="acceleration_structure.h">
      <Filter>Header Files</Filter>
    </ClInclude>
    <ClInclude Include="ray_tracing_model.h">
      <Filter>Header Files</Filter>
    </ClInclude>
    <ClInclude Include="ray_tracing_renderer.h">
      <Filter>Header Files</Filter>
    </ClInclude>
  </ItemGroup>
  <ItemGroup>
    <CustomBuild Include="model.vert">
      <Filter>Source Files\Shaders</Filter>
    </CustomBuild>
    <CustomBuild Include="model.frag">
      <Filter>Source Files\Shaders</Filter>
    </CustomBuild>
    <CustomBuild Include="model.rchit">
      <Filter>Source Files\Shaders</Filter>
    </CustomBuild>
    <CustomBuild Include="model.rgen">
      <Filter>Source Files\Shaders</Filter>
    </CustomBuild>
    <CustomBuild Include="model.rmiss">
      <Filter>Source Files\Shaders</Filter>
    </CustomBuild>
    <CustomBuild Include="ui.frag">
      <Filter>Source Files\Shaders</Filter>
    </CustomBuild>
    <CustomBuild Include="ui.vert">
      <Filter>Source Files\Shaders</Filter>
    </CustomBuild>
    <CustomBuild Include="textured_quad.frag">
      <Filter>Source Files\Shaders</Filter>
    </CustomBuild>
    <CustomBuild Include="textured_quad.vert">
      <Filter>Source Files\Shaders</Filter>
    </CustomBuild>
  </ItemGroup>
</Project>